<?xml version="1.0" encoding="utf-8"?>
<Project ToolsVersion="4.0" xmlns="http://schemas.microsoft.com/developer/msbuild/2003">
  <ItemGroup>
    <Filter Include="源文件">
      <UniqueIdentifier>{4FC737F1-C7A5-4376-A066-2A32D752A2FF}</UniqueIdentifier>
      <Extensions>cpp;c;cc;cxx;c++;cppm;ixx;def;odl;idl;hpj;bat;asm;asmx</Extensions>
    </Filter>
    <Filter Include="头文件">
      <UniqueIdentifier>{93995380-89BD-4b04-88EB-625FBE52EBFB}</UniqueIdentifier>
      <Extensions>h;hh;hpp;hxx;h++;hm;inl;inc;ipp;xsd</Extensions>
    </Filter>
    <Filter Include="资源文件">
      <UniqueIdentifier>{67DA6AB6-F800-4c08-8B7A-83BB121AAD01}</UniqueIdentifier>
      <Extensions>rc;ico;cur;bmp;dlg;rc2;rct;bin;rgs;gif;jpg;jpeg;jpe;resx;tiff;tif;png;wav;mfcribbon-ms</Extensions>
    </Filter>
  </ItemGroup>
  <ItemGroup>
    <ClInclude Include="webm-vpx.h">
      <Filter>头文件</Filter>
    </ClInclude>
    <ClInclude Include="amf0.h">
      <Filter>头文件</Filter>
    </ClInclude>
    <ClInclude Include="amf3.h">
      <Filter>头文件</Filter>
    </ClInclude>
    <ClInclude Include="aom-av1.h">
      <Filter>头文件</Filter>
    </ClInclude>
    <ClInclude Include="flv-demuxer.h">
      <Filter>头文件</Filter>
    </ClInclude>
    <ClInclude Include="flv-header.h">
      <Filter>头文件</Filter>
    </ClInclude>
    <ClInclude Include="flv-muxer.h">
      <Filter>头文件</Filter>
    </ClInclude>
    <ClInclude Include="flv-parser.h">
      <Filter>头文件</Filter>
    </ClInclude>
    <ClInclude Include="flv-proto.h">
      <Filter>头文件</Filter>
    </ClInclude>
    <ClInclude Include="flv-reader.h">
      <Filter>头文件</Filter>
    </ClInclude>
    <ClInclude Include="flv-writer.h">
      <Filter>头文件</Filter>
    </ClInclude>
    <ClInclude Include="mp3-header.h">
      <Filter>头文件</Filter>
    </ClInclude>
    <ClInclude Include="mpeg4-aac.h">
      <Filter>头文件</Filter>
    </ClInclude>
    <ClInclude Include="mpeg4-avc.h">
      <Filter>头文件</Filter>
    </ClInclude>
    <ClInclude Include="mpeg4-bits.h">
      <Filter>头文件</Filter>
    </ClInclude>
    <ClInclude Include="mpeg4-hevc.h">
      <Filter>头文件</Filter>
    </ClInclude>
    <ClInclude Include="mpeg4-vvc.h">
      <Filter>头文件</Filter>
    </ClInclude>
    <ClInclude Include="opus-head.h">
      <Filter>头文件</Filter>
    </ClInclude>
    <ClInclude Include="riff-acm.h">
      <Filter>头文件</Filter>
    </ClInclude>
  </ItemGroup>
  <ItemGroup>
    <ClCompile Include="source\amf0.c">
      <Filter>源文件</Filter>
    </ClCompile>
    <ClCompile Include="source\amf3.c">
      <Filter>源文件</Filter>
    </ClCompile>
    <ClCompile Include="source\aom-av1.c">
      <Filter>源文件</Filter>
    </ClCompile>
    <ClCompile Include="source\flv-demuxer.c">
      <Filter>源文件</Filter>
    </ClCompile>
    <ClCompile Include="source\flv-demuxer-script.c">
      <Filter>源文件</Filter>
    </ClCompile>
    <ClCompile Include="source\flv-header.c">
      <Filter>源文件</Filter>
    </ClCompile>
    <ClCompile Include="source\flv-muxer.c">
      <Filter>源文件</Filter>
    </ClCompile>
    <ClCompile Include="source\flv-parser.c">
      <Filter>源文件</Filter>
    </ClCompile>
    <ClCompile Include="source\flv-reader.c">
      <Filter>源文件</Filter>
    </ClCompile>
    <ClCompile Include="source\flv-writer.c">
      <Filter>源文件</Filter>
    </ClCompile>
    <ClCompile Include="source\hevc-annexbtomp4.c">
      <Filter>源文件</Filter>
    </ClCompile>
    <ClCompile Include="source\hevc-mp4toannexb.c">
      <Filter>源文件</Filter>
    </ClCompile>
    <ClCompile Include="source\mp3-header.c">
      <Filter>源文件</Filter>
    </ClCompile>
    <ClCompile Include="source\mpeg4-aac.c">
      <Filter>源文件</Filter>
    </ClCompile>
    <ClCompile Include="source\mpeg4-aac-asc.c">
      <Filter>源文件</Filter>
    </ClCompile>
    <ClCompile Include="source\mpeg4-annexbtomp4.c">
      <Filter>源文件</Filter>
    </ClCompile>
    <ClCompile Include="source\mpeg4-avc.c">
      <Filter>源文件</Filter>
    </ClCompile>
    <ClCompile Include="source\mpeg4-hevc.c">
      <Filter>源文件</Filter>
    </ClCompile>
    <ClCompile Include="source\mpeg4-mp4toannexb.c">
      <Filter>源文件</Filter>
    </ClCompile>
    <ClCompile Include="source\mpeg4-vvc.c">
      <Filter>源文件</Filter>
    </ClCompile>
    <ClCompile Include="source\opus-head.c">
      <Filter>源文件</Filter>
    </ClCompile>
    <ClCompile Include="source\riff-acm.c">
      <Filter>源文件</Filter>
    </ClCompile>
    <ClCompile Include="source\vvc-annexbtomp4.c">
      <Filter>源文件</Filter>
    </ClCompile>
    <ClCompile Include="source\vvc-mp4toannexb.c">
      <Filter>源文件</Filter>
    </ClCompile>
    <ClCompile Include="source\webm-vpx.c">
      <Filter>源文件</Filter>
    </ClCompile>
  </ItemGroup>
</Project>